
Microsoft Visual Studio Solution File, Format Version 12.00
# Visual Studio 15
VisualStudioVersion = 15.0.27428.2027
MinimumVisualStudioVersion = 10.0.40219.1
Project("{9A19103F-16F7-4668-BE54-9A1E7A4F7556}") = "GridPOC", "GridPOC\GridPOC.csproj", "{32CB7EE8-AE8F-4533-99CB-AF8B4DB12406}"
EndProject
Project("{FAE04EC0-301F-11D3-BF4B-00C04F79EFBC}") = "ProductService", "ProductService\ProductService.csproj", "{ECCBA287-7424-419B-8933-403AA02C27E9}"
EndProject
Project("{FAE04EC0-301F-11D3-BF4B-00C04F79EFBC}") = "TestOdata", "TestOdata\TestOdata.csproj", "{79754A0B-FCD0-4190-8D9B-1EF5D49396BD}"
EndProject
Global
	GlobalSection(SolutionConfigurationPlatforms) = preSolution
		Debug|Any CPU = Debug|Any CPU
		Release|Any CPU = Release|Any CPU
	EndGlobalSection
	GlobalSection(ProjectConfigurationPlatforms) = postSolution
		{32CB7EE8-AE8F-4533-99CB-AF8B4DB12406}.Debug|Any CPU.ActiveCfg = Debug|Any CPU
		{32CB7EE8-AE8F-4533-99CB-AF8B4DB12406}.Debug|Any CPU.Build.0 = Debug|Any CPU
		{32CB7EE8-AE8F-4533-99CB-AF8B4DB12406}.Release|Any CPU.ActiveCfg = Release|Any CPU
		{32CB7EE8-AE8F-4533-99CB-AF8B4DB12406}.Release|Any CPU.Build.0 = Release|Any CPU
		{ECCBA287-7424-419B-8933-403AA02C27E9}.Debug|Any CPU.ActiveCfg = Debug|Any CPU
		{ECCBA287-7424-419B-8933-403AA02C27E9}.Debug|Any CPU.Build.0 = Debug|Any CPU
		{ECCBA287-7424-419B-8933-403AA02C27E9}.Release|Any CPU.ActiveCfg = Release|Any CPU
		{ECCBA287-7424-419B-8933-403AA02C27E9}.Release|Any CPU.Build.0 = Release|Any CPU
		{79754A0B-FCD0-4190-8D9B-1EF5D49396BD}.Debug|Any CPU.ActiveCfg = Debug|Any CPU
		{79754A0B-FCD0-4190-8D9B-1EF5D49396BD}.Debug|Any CPU.Build.0 = Debug|Any CPU
		{79754A0B-FCD0-4190-8D9B-1EF5D49396BD}.Release|Any CPU.ActiveCfg = Release|Any CPU
		{79754A0B-FCD0-4190-8D9B-1EF5D49396BD}.Release|Any CPU.Build.0 = Release|Any CPU
	EndGlobalSection
	GlobalSection(SolutionProperties) = preSolution
		HideSolutionNode = FALSE
	EndGlobalSection
	GlobalSection(ExtensibilityGlobals) = postSolution
		SolutionGuid = {36278A4A-730F-49D3-8C00-76D43E4A4468}
	EndGlobalSection
EndGlobal
